{
  "requires": true,
  "lockfileVersion": 1,
  "dependencies": {
    "autocompleter": {
      "version": "6.1.0",
      "resolved": "https://registry.npmjs.org/autocompleter/-/autocompleter-6.1.0.tgz",
      "integrity": "sha512-w+gPtAuwL+0BY33rwtFaliZ2TW/iJlbQ0AaFFi7sy7kh1MdOM5VpAMJ2s/6yygIkWkLQP8WF+ajlG39Ft8459Q=="
    }
  }
}
